
Microsoft Visual Studio Solution File, Format Version 12.00
# Visual Studio Version 17
VisualStudioVersion = 17.0.31903.59
MinimumVisualStudioVersion = 10.0.40219.1
Project("{2150E333-8FDC-42A3-9474-1A3956D46DE8}") = "src", "src", "{827E0CD3-B72D-47B6-A68D-7590B98EB39B}"
EndProject
Project("{2150E333-8FDC-42A3-9474-1A3956D46DE8}") = "Modules", "Modules", "{EC447DCF-ABFA-6E24-52A5-D7FD48A5C558}"
EndProject
Project("{2150E333-8FDC-42A3-9474-1A3956D46DE8}") = "tests", "tests", "{0AB3BF05-4346-4AA6-1389-037BE0695223}"
EndProject
Project("{FAE04EC0-301F-11D3-BF4B-00C04F79EFBC}") = "GlowNow.UnitTests", "tests\GlowNow.UnitTests\GlowNow.UnitTests.csproj", "{9F253430-FE38-4861-84DA-462174C784D2}"
EndProject
Project("{FAE04EC0-301F-11D3-BF4B-00C04F79EFBC}") = "GlowNow.IntegrationTests", "tests\GlowNow.IntegrationTests\GlowNow.IntegrationTests.csproj", "{960C515E-BE20-48F7-AA22-EFB0B5874DA1}"
EndProject
Project("{FAE04EC0-301F-11D3-BF4B-00C04F79EFBC}") = "GlowNow.ApiTests", "tests\GlowNow.ApiTests\GlowNow.ApiTests.csproj", "{465AC8B6-3FC2-41A9-BDFB-65AC3B1496ED}"
EndProject
Project("{2150E333-8FDC-42A3-9474-1A3956D46DE8}") = "Core", "Core", "{8D626EA8-CB54-BC41-363A-217881BEBA6E}"
EndProject
Project("{FAE04EC0-301F-11D3-BF4B-00C04F79EFBC}") = "GlowNow.SharedKernel", "src\Core\GlowNow.SharedKernel\GlowNow.SharedKernel.csproj", "{54ECAA39-EFF3-475B-AA05-8581B7350E97}"
EndProject
Project("{FAE04EC0-301F-11D3-BF4B-00C04F79EFBC}") = "GlowNow.Infrastructure.Core", "src\Core\GlowNow.Infrastructure.Core\GlowNow.Infrastructure.Core.csproj", "{4CFE7071-687A-48E1-9A38-17483F0FB47E}"
EndProject
Project("{2150E333-8FDC-42A3-9474-1A3956D46DE8}") = "Identity", "Identity", "{0EC62A1A-9858-3A60-8A0C-FC9AACFA2EC7}"
EndProject
Project("{FAE04EC0-301F-11D3-BF4B-00C04F79EFBC}") = "GlowNow.Identity.Domain", "src\Modules\Identity\GlowNow.Identity.Domain\GlowNow.Identity.Domain.csproj", "{9DD299F4-D390-4EB9-BA8F-3844E48B7776}"
EndProject
Project("{FAE04EC0-301F-11D3-BF4B-00C04F79EFBC}") = "GlowNow.Identity.Application", "src\Modules\Identity\GlowNow.Identity.Application\GlowNow.Identity.Application.csproj", "{031692F4-B935-4315-9D75-49251D5B5AE5}"
EndProject
Project("{2150E333-8FDC-42A3-9474-1A3956D46DE8}") = "Business", "Business", "{03E6D997-B9AA-83D0-280D-BFE1D5C4683C}"
EndProject
Project("{FAE04EC0-301F-11D3-BF4B-00C04F79EFBC}") = "GlowNow.Business.Application", "src\Modules\Business\GlowNow.Business.Application\GlowNow.Business.Application.csproj", "{9C9072EB-7E6C-4625-A9DA-C9DEF68BA771}"
EndProject
Project("{FAE04EC0-301F-11D3-BF4B-00C04F79EFBC}") = "GlowNow.Business.Domain", "src\Modules\Business\GlowNow.Business.Domain\GlowNow.Business.Domain.csproj", "{D5D24ACC-5F6E-4BDC-BCBC-0366A6E6DC5D}"
EndProject
Project("{FAE04EC0-301F-11D3-BF4B-00C04F79EFBC}") = "GlowNow.Identity.Infrastructure", "src\Modules\Identity\GlowNow.Identity.Infrastructure\GlowNow.Identity.Infrastructure.csproj", "{8CDC3715-4F07-4356-AC33-49553A00A747}"
EndProject
Project("{FAE04EC0-301F-11D3-BF4B-00C04F79EFBC}") = "GlowNow.Identity.Api", "src\Modules\Identity\GlowNow.Identity.Api\GlowNow.Identity.Api.csproj", "{DB9EA871-3BDA-4707-8DA1-EAD587EA6A26}"
EndProject
Project("{FAE04EC0-301F-11D3-BF4B-00C04F79EFBC}") = "GlowNow.Business.Infrastructure", "src\Modules\Business\GlowNow.Business.Infrastructure\GlowNow.Business.Infrastructure.csproj", "{3454D594-4F90-42F4-8681-57101342DAF7}"
EndProject
Project("{FAE04EC0-301F-11D3-BF4B-00C04F79EFBC}") = "GlowNow.Business.Api", "src\Modules\Business\GlowNow.Business.Api\GlowNow.Business.Api.csproj", "{DA65A057-37B9-493A-80CF-87B552693D24}"
EndProject
Project("{2150E333-8FDC-42A3-9474-1A3956D46DE8}") = "Catalog", "Catalog", "{1E1EF545-4C18-AEE2-B997-7EF431518D3F}"
EndProject
Project("{FAE04EC0-301F-11D3-BF4B-00C04F79EFBC}") = "GlowNow.Catalog.Domain", "src\Modules\Catalog\GlowNow.Catalog.Domain\GlowNow.Catalog.Domain.csproj", "{83C847ED-29A3-4757-BEAC-DA58E95B99E2}"
EndProject
Project("{FAE04EC0-301F-11D3-BF4B-00C04F79EFBC}") = "GlowNow.Catalog.Application", "src\Modules\Catalog\GlowNow.Catalog.Application\GlowNow.Catalog.Application.csproj", "{71569BDF-5A94-41B3-A005-B61EA244435A}"
EndProject
Project("{FAE04EC0-301F-11D3-BF4B-00C04F79EFBC}") = "GlowNow.Catalog.Infrastructure", "src\Modules\Catalog\GlowNow.Catalog.Infrastructure\GlowNow.Catalog.Infrastructure.csproj", "{CE2B8BD8-48F2-4BEC-A566-B85CE700A4D1}"
EndProject
Project("{FAE04EC0-301F-11D3-BF4B-00C04F79EFBC}") = "GlowNow.Catalog.Api", "src\Modules\Catalog\GlowNow.Catalog.Api\GlowNow.Catalog.Api.csproj", "{B4C8256B-A322-4D8B-921C-90F8671B4FD3}"
EndProject
Project("{2150E333-8FDC-42A3-9474-1A3956D46DE8}") = "Team", "Team", "{59928C04-13E2-A594-43A2-57881A673FE5}"
EndProject
Project("{FAE04EC0-301F-11D3-BF4B-00C04F79EFBC}") = "GlowNow.Team.Domain", "src\Modules\Team\GlowNow.Team.Domain\GlowNow.Team.Domain.csproj", "{39C6F593-96B4-4352-A353-AFD0D1723BD9}"
EndProject
Project("{FAE04EC0-301F-11D3-BF4B-00C04F79EFBC}") = "GlowNow.Team.Application", "src\Modules\Team\GlowNow.Team.Application\GlowNow.Team.Application.csproj", "{50EC8474-7668-481D-AEDA-6A921F4EFF0F}"
EndProject
Project("{FAE04EC0-301F-11D3-BF4B-00C04F79EFBC}") = "GlowNow.Team.Infrastructure", "src\Modules\Team\GlowNow.Team.Infrastructure\GlowNow.Team.Infrastructure.csproj", "{15501866-E813-4043-998F-052004ABAA80}"
EndProject
Project("{FAE04EC0-301F-11D3-BF4B-00C04F79EFBC}") = "GlowNow.Team.Api", "src\Modules\Team\GlowNow.Team.Api\GlowNow.Team.Api.csproj", "{D8B5128C-F827-4838-9D5C-F3260A3FBBE0}"
EndProject
Project("{2150E333-8FDC-42A3-9474-1A3956D46DE8}") = "Clients", "Clients", "{5C50A689-B514-194B-0249-744A6330F552}"
EndProject
Project("{FAE04EC0-301F-11D3-BF4B-00C04F79EFBC}") = "GlowNow.Clients.Domain", "src\Modules\Clients\GlowNow.Clients.Domain\GlowNow.Clients.Domain.csproj", "{71B62AA0-9443-416A-AF70-34D12F25AAD5}"
EndProject
Project("{FAE04EC0-301F-11D3-BF4B-00C04F79EFBC}") = "GlowNow.Clients.Application", "src\Modules\Clients\GlowNow.Clients.Application\GlowNow.Clients.Application.csproj", "{C8BA6F6E-5523-4E95-8AF2-57097FF04916}"
EndProject
Project("{FAE04EC0-301F-11D3-BF4B-00C04F79EFBC}") = "GlowNow.Clients.Infrastructure", "src\Modules\Clients\GlowNow.Clients.Infrastructure\GlowNow.Clients.Infrastructure.csproj", "{441C9925-D030-4102-A6F7-82D9A26688B8}"
EndProject
Project("{FAE04EC0-301F-11D3-BF4B-00C04F79EFBC}") = "GlowNow.Clients.Api", "src\Modules\Clients\GlowNow.Clients.Api\GlowNow.Clients.Api.csproj", "{417ADBD8-4384-44B4-9D75-E3697143E1C5}"
EndProject
Project("{2150E333-8FDC-42A3-9474-1A3956D46DE8}") = "Booking", "Booking", "{FC0D8A46-3DC7-E91E-C357-28F70C4DB3C6}"
EndProject
Project("{FAE04EC0-301F-11D3-BF4B-00C04F79EFBC}") = "GlowNow.Booking.Domain", "src\Modules\Booking\GlowNow.Booking.Domain\GlowNow.Booking.Domain.csproj", "{9537259D-CF2F-4B90-B814-9850013DBCFD}"
EndProject
Project("{FAE04EC0-301F-11D3-BF4B-00C04F79EFBC}") = "GlowNow.Booking.Application", "src\Modules\Booking\GlowNow.Booking.Application\GlowNow.Booking.Application.csproj", "{A29F8D6C-2E87-457D-BE53-1B43D18B9AE9}"
EndProject
Project("{FAE04EC0-301F-11D3-BF4B-00C04F79EFBC}") = "GlowNow.Booking.Infrastructure", "src\Modules\Booking\GlowNow.Booking.Infrastructure\GlowNow.Booking.Infrastructure.csproj", "{BD0BBD73-54CE-486B-82A9-01B2563600FD}"
EndProject
Project("{FAE04EC0-301F-11D3-BF4B-00C04F79EFBC}") = "GlowNow.Booking.Api", "src\Modules\Booking\GlowNow.Booking.Api\GlowNow.Booking.Api.csproj", "{93A233BA-C9AA-44F4-BE74-03C43FDEE98B}"
EndProject
Project("{2150E333-8FDC-42A3-9474-1A3956D46DE8}") = "Notifications", "Notifications", "{DE9DAF8A-E684-0FD3-FFDC-40D3E3158533}"
EndProject
Project("{FAE04EC0-301F-11D3-BF4B-00C04F79EFBC}") = "GlowNow.Notifications.Domain", "src\Modules\Notifications\GlowNow.Notifications.Domain\GlowNow.Notifications.Domain.csproj", "{18C07129-6E29-49FC-A580-8752E9E70363}"
EndProject
Project("{FAE04EC0-301F-11D3-BF4B-00C04F79EFBC}") = "GlowNow.Notifications.Application", "src\Modules\Notifications\GlowNow.Notifications.Application\GlowNow.Notifications.Application.csproj", "{77E9781C-DEBA-45D4-A7C0-7DF789F84AAB}"
EndProject
Project("{FAE04EC0-301F-11D3-BF4B-00C04F79EFBC}") = "GlowNow.Notifications.Infrastructure", "src\Modules\Notifications\GlowNow.Notifications.Infrastructure\GlowNow.Notifications.Infrastructure.csproj", "{F7BF1308-60F2-4722-BFEA-5F428A01C000}"
EndProject
Project("{FAE04EC0-301F-11D3-BF4B-00C04F79EFBC}") = "GlowNow.Notifications.Api", "src\Modules\Notifications\GlowNow.Notifications.Api\GlowNow.Notifications.Api.csproj", "{12A33F99-3288-4FA0-8E83-78412CCB7493}"
EndProject
Project("{2150E333-8FDC-42A3-9474-1A3956D46DE8}") = "Api", "Api", "{81034408-37C8-1011-444E-4C15C2FADA8E}"
EndProject
Project("{FAE04EC0-301F-11D3-BF4B-00C04F79EFBC}") = "GlowNow.Api", "src\Api\GlowNow.Api\GlowNow.Api.csproj", "{5A5EF1CD-3F34-4FEB-9006-375F4C237D0E}"
EndProject
Global
	GlobalSection(SolutionConfigurationPlatforms) = preSolution
		Debug|Any CPU = Debug|Any CPU
		Debug|x64 = Debug|x64
		Debug|x86 = Debug|x86
		Release|Any CPU = Release|Any CPU
		Release|x64 = Release|x64
		Release|x86 = Release|x86
	EndGlobalSection
	GlobalSection(ProjectConfigurationPlatforms) = postSolution
		{9F253430-FE38-4861-84DA-462174C784D2}.Debug|Any CPU.ActiveCfg = Debug|Any CPU
		{9F253430-FE38-4861-84DA-462174C784D2}.Debug|Any CPU.Build.0 = Debug|Any CPU
		{9F253430-FE38-4861-84DA-462174C784D2}.Debug|x64.ActiveCfg = Debug|Any CPU
		{9F253430-FE38-4861-84DA-462174C784D2}.Debug|x64.Build.0 = Debug|Any CPU
		{9F253430-FE38-4861-84DA-462174C784D2}.Debug|x86.ActiveCfg = Debug|Any CPU
		{9F253430-FE38-4861-84DA-462174C784D2}.Debug|x86.Build.0 = Debug|Any CPU
		{9F253430-FE38-4861-84DA-462174C784D2}.Release|Any CPU.ActiveCfg = Release|Any CPU
		{9F253430-FE38-4861-84DA-462174C784D2}.Release|Any CPU.Build.0 = Release|Any CPU
		{9F253430-FE38-4861-84DA-462174C784D2}.Release|x64.ActiveCfg = Release|Any CPU
		{9F253430-FE38-4861-84DA-462174C784D2}.Release|x64.Build.0 = Release|Any CPU
		{9F253430-FE38-4861-84DA-462174C784D2}.Release|x86.ActiveCfg = Release|Any CPU
		{9F253430-FE38-4861-84DA-462174C784D2}.Release|x86.Build.0 = Release|Any CPU
		{960C515E-BE20-48F7-AA22-EFB0B5874DA1}.Debug|Any CPU.ActiveCfg = Debug|Any CPU
		{960C515E-BE20-48F7-AA22-EFB0B5874DA1}.Debug|Any CPU.Build.0 = Debug|Any CPU
		{960C515E-BE20-48F7-AA22-EFB0B5874DA1}.Debug|x64.ActiveCfg = Debug|Any CPU
		{960C515E-BE20-48F7-AA22-EFB0B5874DA1}.Debug|x64.Build.0 = Debug|Any CPU
		{960C515E-BE20-48F7-AA22-EFB0B5874DA1}.Debug|x86.ActiveCfg = Debug|Any CPU
		{960C515E-BE20-48F7-AA22-EFB0B5874DA1}.Debug|x86.Build.0 = Debug|Any CPU
		{960C515E-BE20-48F7-AA22-EFB0B5874DA1}.Release|Any CPU.ActiveCfg = Release|Any CPU
		{960C515E-BE20-48F7-AA22-EFB0B5874DA1}.Release|Any CPU.Build.0 = Release|Any CPU
		{960C515E-BE20-48F7-AA22-EFB0B5874DA1}.Release|x64.ActiveCfg = Release|Any CPU
		{960C515E-BE20-48F7-AA22-EFB0B5874DA1}.Release|x64.Build.0 = Release|Any CPU
		{960C515E-BE20-48F7-AA22-EFB0B5874DA1}.Release|x86.ActiveCfg = Release|Any CPU
		{960C515E-BE20-48F7-AA22-EFB0B5874DA1}.Release|x86.Build.0 = Release|Any CPU
		{465AC8B6-3FC2-41A9-BDFB-65AC3B1496ED}.Debug|Any CPU.ActiveCfg = Debug|Any CPU
		{465AC8B6-3FC2-41A9-BDFB-65AC3B1496ED}.Debug|Any CPU.Build.0 = Debug|Any CPU
		{465AC8B6-3FC2-41A9-BDFB-65AC3B1496ED}.Debug|x64.ActiveCfg = Debug|Any CPU
		{465AC8B6-3FC2-41A9-BDFB-65AC3B1496ED}.Debug|x64.Build.0 = Debug|Any CPU
		{465AC8B6-3FC2-41A9-BDFB-65AC3B1496ED}.Debug|x86.ActiveCfg = Debug|Any CPU
		{465AC8B6-3FC2-41A9-BDFB-65AC3B1496ED}.Debug|x86.Build.0 = Debug|Any CPU
		{465AC8B6-3FC2-41A9-BDFB-65AC3B1496ED}.Release|Any CPU.ActiveCfg = Release|Any CPU
		{465AC8B6-3FC2-41A9-BDFB-65AC3B1496ED}.Release|Any CPU.Build.0 = Release|Any CPU
		{465AC8B6-3FC2-41A9-BDFB-65AC3B1496ED}.Release|x64.ActiveCfg = Release|Any CPU
		{465AC8B6-3FC2-41A9-BDFB-65AC3B1496ED}.Release|x64.Build.0 = Release|Any CPU
		{465AC8B6-3FC2-41A9-BDFB-65AC3B1496ED}.Release|x86.ActiveCfg = Release|Any CPU
		{465AC8B6-3FC2-41A9-BDFB-65AC3B1496ED}.Release|x86.Build.0 = Release|Any CPU
		{54ECAA39-EFF3-475B-AA05-8581B7350E97}.Debug|Any CPU.ActiveCfg = Debug|Any CPU
		{54ECAA39-EFF3-475B-AA05-8581B7350E97}.Debug|Any CPU.Build.0 = Debug|Any CPU
		{54ECAA39-EFF3-475B-AA05-8581B7350E97}.Debug|x64.ActiveCfg = Debug|Any CPU
		{54ECAA39-EFF3-475B-AA05-8581B7350E97}.Debug|x64.Build.0 = Debug|Any CPU
		{54ECAA39-EFF3-475B-AA05-8581B7350E97}.Debug|x86.ActiveCfg = Debug|Any CPU
		{54ECAA39-EFF3-475B-AA05-8581B7350E97}.Debug|x86.Build.0 = Debug|Any CPU
		{54ECAA39-EFF3-475B-AA05-8581B7350E97}.Release|Any CPU.ActiveCfg = Release|Any CPU
		{54ECAA39-EFF3-475B-AA05-8581B7350E97}.Release|Any CPU.Build.0 = Release|Any CPU
		{54ECAA39-EFF3-475B-AA05-8581B7350E97}.Release|x64.ActiveCfg = Release|Any CPU
		{54ECAA39-EFF3-475B-AA05-8581B7350E97}.Release|x64.Build.0 = Release|Any CPU
		{54ECAA39-EFF3-475B-AA05-8581B7350E97}.Release|x86.ActiveCfg = Release|Any CPU
		{54ECAA39-EFF3-475B-AA05-8581B7350E97}.Release|x86.Build.0 = Release|Any CPU
		{4CFE7071-687A-48E1-9A38-17483F0FB47E}.Debug|Any CPU.ActiveCfg = Debug|Any CPU
		{4CFE7071-687A-48E1-9A38-17483F0FB47E}.Debug|Any CPU.Build.0 = Debug|Any CPU
		{4CFE7071-687A-48E1-9A38-17483F0FB47E}.Debug|x64.ActiveCfg = Debug|Any CPU
		{4CFE7071-687A-48E1-9A38-17483F0FB47E}.Debug|x64.Build.0 = Debug|Any CPU
		{4CFE7071-687A-48E1-9A38-17483F0FB47E}.Debug|x86.ActiveCfg = Debug|Any CPU
		{4CFE7071-687A-48E1-9A38-17483F0FB47E}.Debug|x86.Build.0 = Debug|Any CPU
		{4CFE7071-687A-48E1-9A38-17483F0FB47E}.Release|Any CPU.ActiveCfg = Release|Any CPU
		{4CFE7071-687A-48E1-9A38-17483F0FB47E}.Release|Any CPU.Build.0 = Release|Any CPU
		{4CFE7071-687A-48E1-9A38-17483F0FB47E}.Release|x64.ActiveCfg = Release|Any CPU
		{4CFE7071-687A-48E1-9A38-17483F0FB47E}.Release|x64.Build.0 = Release|Any CPU
		{4CFE7071-687A-48E1-9A38-17483F0FB47E}.Release|x86.ActiveCfg = Release|Any CPU
		{4CFE7071-687A-48E1-9A38-17483F0FB47E}.Release|x86.Build.0 = Release|Any CPU
		{9DD299F4-D390-4EB9-BA8F-3844E48B7776}.Debug|Any CPU.ActiveCfg = Debug|Any CPU
		{9DD299F4-D390-4EB9-BA8F-3844E48B7776}.Debug|Any CPU.Build.0 = Debug|Any CPU
		{9DD299F4-D390-4EB9-BA8F-3844E48B7776}.Debug|x64.ActiveCfg = Debug|Any CPU
		{9DD299F4-D390-4EB9-BA8F-3844E48B7776}.Debug|x64.Build.0 = Debug|Any CPU
		{9DD299F4-D390-4EB9-BA8F-3844E48B7776}.Debug|x86.ActiveCfg = Debug|Any CPU
		{9DD299F4-D390-4EB9-BA8F-3844E48B7776}.Debug|x86.Build.0 = Debug|Any CPU
		{9DD299F4-D390-4EB9-BA8F-3844E48B7776}.Release|Any CPU.ActiveCfg = Release|Any CPU
		{9DD299F4-D390-4EB9-BA8F-3844E48B7776}.Release|Any CPU.Build.0 = Release|Any CPU
		{9DD299F4-D390-4EB9-BA8F-3844E48B7776}.Release|x64.ActiveCfg = Release|Any CPU
		{9DD299F4-D390-4EB9-BA8F-3844E48B7776}.Release|x64.Build.0 = Release|Any CPU
		{9DD299F4-D390-4EB9-BA8F-3844E48B7776}.Release|x86.ActiveCfg = Release|Any CPU
		{9DD299F4-D390-4EB9-BA8F-3844E48B7776}.Release|x86.Build.0 = Release|Any CPU
		{031692F4-B935-4315-9D75-49251D5B5AE5}.Debug|Any CPU.ActiveCfg = Debug|Any CPU
		{031692F4-B935-4315-9D75-49251D5B5AE5}.Debug|Any CPU.Build.0 = Debug|Any CPU
		{031692F4-B935-4315-9D75-49251D5B5AE5}.Debug|x64.ActiveCfg = Debug|Any CPU
		{031692F4-B935-4315-9D75-49251D5B5AE5}.Debug|x64.Build.0 = Debug|Any CPU
		{031692F4-B935-4315-9D75-49251D5B5AE5}.Debug|x86.ActiveCfg = Debug|Any CPU
		{031692F4-B935-4315-9D75-49251D5B5AE5}.Debug|x86.Build.0 = Debug|Any CPU
		{031692F4-B935-4315-9D75-49251D5B5AE5}.Release|Any CPU.ActiveCfg = Release|Any CPU
		{031692F4-B935-4315-9D75-49251D5B5AE5}.Release|Any CPU.Build.0 = Release|Any CPU
		{031692F4-B935-4315-9D75-49251D5B5AE5}.Release|x64.ActiveCfg = Release|Any CPU
		{031692F4-B935-4315-9D75-49251D5B5AE5}.Release|x64.Build.0 = Release|Any CPU
		{031692F4-B935-4315-9D75-49251D5B5AE5}.Release|x86.ActiveCfg = Release|Any CPU
		{031692F4-B935-4315-9D75-49251D5B5AE5}.Release|x86.Build.0 = Release|Any CPU
		{9C9072EB-7E6C-4625-A9DA-C9DEF68BA771}.Debug|Any CPU.ActiveCfg = Debug|Any CPU
		{9C9072EB-7E6C-4625-A9DA-C9DEF68BA771}.Debug|Any CPU.Build.0 = Debug|Any CPU
		{9C9072EB-7E6C-4625-A9DA-C9DEF68BA771}.Debug|x64.ActiveCfg = Debug|Any CPU
		{9C9072EB-7E6C-4625-A9DA-C9DEF68BA771}.Debug|x64.Build.0 = Debug|Any CPU
		{9C9072EB-7E6C-4625-A9DA-C9DEF68BA771}.Debug|x86.ActiveCfg = Debug|Any CPU
		{9C9072EB-7E6C-4625-A9DA-C9DEF68BA771}.Debug|x86.Build.0 = Debug|Any CPU
		{9C9072EB-7E6C-4625-A9DA-C9DEF68BA771}.Release|Any CPU.ActiveCfg = Release|Any CPU
		{9C9072EB-7E6C-4625-A9DA-C9DEF68BA771}.Release|Any CPU.Build.0 = Release|Any CPU
		{9C9072EB-7E6C-4625-A9DA-C9DEF68BA771}.Release|x64.ActiveCfg = Release|Any CPU
		{9C9072EB-7E6C-4625-A9DA-C9DEF68BA771}.Release|x64.Build.0 = Release|Any CPU
		{9C9072EB-7E6C-4625-A9DA-C9DEF68BA771}.Release|x86.ActiveCfg = Release|Any CPU
		{9C9072EB-7E6C-4625-A9DA-C9DEF68BA771}.Release|x86.Build.0 = Release|Any CPU
		{D5D24ACC-5F6E-4BDC-BCBC-0366A6E6DC5D}.Debug|Any CPU.ActiveCfg = Debug|Any CPU
		{D5D24ACC-5F6E-4BDC-BCBC-0366A6E6DC5D}.Debug|Any CPU.Build.0 = Debug|Any CPU
		{D5D24ACC-5F6E-4BDC-BCBC-0366A6E6DC5D}.Debug|x64.ActiveCfg = Debug|Any CPU
		{D5D24ACC-5F6E-4BDC-BCBC-0366A6E6DC5D}.Debug|x64.Build.0 = Debug|Any CPU
		{D5D24ACC-5F6E-4BDC-BCBC-0366A6E6DC5D}.Debug|x86.ActiveCfg = Debug|Any CPU
		{D5D24ACC-5F6E-4BDC-BCBC-0366A6E6DC5D}.Debug|x86.Build.0 = Debug|Any CPU
		{D5D24ACC-5F6E-4BDC-BCBC-0366A6E6DC5D}.Release|Any CPU.ActiveCfg = Release|Any CPU
		{D5D24ACC-5F6E-4BDC-BCBC-0366A6E6DC5D}.Release|Any CPU.Build.0 = Release|Any CPU
		{D5D24ACC-5F6E-4BDC-BCBC-0366A6E6DC5D}.Release|x64.ActiveCfg = Release|Any CPU
		{D5D24ACC-5F6E-4BDC-BCBC-0366A6E6DC5D}.Release|x64.Build.0 = Release|Any CPU
		{D5D24ACC-5F6E-4BDC-BCBC-0366A6E6DC5D}.Release|x86.ActiveCfg = Release|Any CPU
		{D5D24ACC-5F6E-4BDC-BCBC-0366A6E6DC5D}.Release|x86.Build.0 = Release|Any CPU
		{8CDC3715-4F07-4356-AC33-49553A00A747}.Debug|Any CPU.ActiveCfg = Debug|Any CPU
		{8CDC3715-4F07-4356-AC33-49553A00A747}.Debug|Any CPU.Build.0 = Debug|Any CPU
		{8CDC3715-4F07-4356-AC33-49553A00A747}.Debug|x64.ActiveCfg = Debug|Any CPU
		{8CDC3715-4F07-4356-AC33-49553A00A747}.Debug|x64.Build.0 = Debug|Any CPU
		{8CDC3715-4F07-4356-AC33-49553A00A747}.Debug|x86.ActiveCfg = Debug|Any CPU
		{8CDC3715-4F07-4356-AC33-49553A00A747}.Debug|x86.Build.0 = Debug|Any CPU
		{8CDC3715-4F07-4356-AC33-49553A00A747}.Release|Any CPU.ActiveCfg = Release|Any CPU
		{8CDC3715-4F07-4356-AC33-49553A00A747}.Release|Any CPU.Build.0 = Release|Any CPU
		{8CDC3715-4F07-4356-AC33-49553A00A747}.Release|x64.ActiveCfg = Release|Any CPU
		{8CDC3715-4F07-4356-AC33-49553A00A747}.Release|x64.Build.0 = Release|Any CPU
		{8CDC3715-4F07-4356-AC33-49553A00A747}.Release|x86.ActiveCfg = Release|Any CPU
		{8CDC3715-4F07-4356-AC33-49553A00A747}.Release|x86.Build.0 = Release|Any CPU
		{DB9EA871-3BDA-4707-8DA1-EAD587EA6A26}.Debug|Any CPU.ActiveCfg = Debug|Any CPU
		{DB9EA871-3BDA-4707-8DA1-EAD587EA6A26}.Debug|Any CPU.Build.0 = Debug|Any CPU
		{DB9EA871-3BDA-4707-8DA1-EAD587EA6A26}.Debug|x64.ActiveCfg = Debug|Any CPU
		{DB9EA871-3BDA-4707-8DA1-EAD587EA6A26}.Debug|x64.Build.0 = Debug|Any CPU
		{DB9EA871-3BDA-4707-8DA1-EAD587EA6A26}.Debug|x86.ActiveCfg = Debug|Any CPU
		{DB9EA871-3BDA-4707-8DA1-EAD587EA6A26}.Debug|x86.Build.0 = Debug|Any CPU
		{DB9EA871-3BDA-4707-8DA1-EAD587EA6A26}.Release|Any CPU.ActiveCfg = Release|Any CPU
		{DB9EA871-3BDA-4707-8DA1-EAD587EA6A26}.Release|Any CPU.Build.0 = Release|Any CPU
		{DB9EA871-3BDA-4707-8DA1-EAD587EA6A26}.Release|x64.ActiveCfg = Release|Any CPU
		{DB9EA871-3BDA-4707-8DA1-EAD587EA6A26}.Release|x64.Build.0 = Release|Any CPU
		{DB9EA871-3BDA-4707-8DA1-EAD587EA6A26}.Release|x86.ActiveCfg = Release|Any CPU
		{DB9EA871-3BDA-4707-8DA1-EAD587EA6A26}.Release|x86.Build.0 = Release|Any CPU
		{3454D594-4F90-42F4-8681-57101342DAF7}.Debug|Any CPU.ActiveCfg = Debug|Any CPU
		{3454D594-4F90-42F4-8681-57101342DAF7}.Debug|Any CPU.Build.0 = Debug|Any CPU
		{3454D594-4F90-42F4-8681-57101342DAF7}.Debug|x64.ActiveCfg = Debug|Any CPU
		{3454D594-4F90-42F4-8681-57101342DAF7}.Debug|x64.Build.0 = Debug|Any CPU
		{3454D594-4F90-42F4-8681-57101342DAF7}.Debug|x86.ActiveCfg = Debug|Any CPU
		{3454D594-4F90-42F4-8681-57101342DAF7}.Debug|x86.Build.0 = Debug|Any CPU
		{3454D594-4F90-42F4-8681-57101342DAF7}.Release|Any CPU.ActiveCfg = Release|Any CPU
		{3454D594-4F90-42F4-8681-57101342DAF7}.Release|Any CPU.Build.0 = Release|Any CPU
		{3454D594-4F90-42F4-8681-57101342DAF7}.Release|x64.ActiveCfg = Release|Any CPU
		{3454D594-4F90-42F4-8681-57101342DAF7}.Release|x64.Build.0 = Release|Any CPU
		{3454D594-4F90-42F4-8681-57101342DAF7}.Release|x86.ActiveCfg = Release|Any CPU
		{3454D594-4F90-42F4-8681-57101342DAF7}.Release|x86.Build.0 = Release|Any CPU
		{DA65A057-37B9-493A-80CF-87B552693D24}.Debug|Any CPU.ActiveCfg = Debug|Any CPU
		{DA65A057-37B9-493A-80CF-87B552693D24}.Debug|Any CPU.Build.0 = Debug|Any CPU
		{DA65A057-37B9-493A-80CF-87B552693D24}.Debug|x64.ActiveCfg = Debug|Any CPU
		{DA65A057-37B9-493A-80CF-87B552693D24}.Debug|x64.Build.0 = Debug|Any CPU
		{DA65A057-37B9-493A-80CF-87B552693D24}.Debug|x86.ActiveCfg = Debug|Any CPU
		{DA65A057-37B9-493A-80CF-87B552693D24}.Debug|x86.Build.0 = Debug|Any CPU
		{DA65A057-37B9-493A-80CF-87B552693D24}.Release|Any CPU.ActiveCfg = Release|Any CPU
		{DA65A057-37B9-493A-80CF-87B552693D24}.Release|Any CPU.Build.0 = Release|Any CPU
		{DA65A057-37B9-493A-80CF-87B552693D24}.Release|x64.ActiveCfg = Release|Any CPU
		{DA65A057-37B9-493A-80CF-87B552693D24}.Release|x64.Build.0 = Release|Any CPU
		{DA65A057-37B9-493A-80CF-87B552693D24}.Release|x86.ActiveCfg = Release|Any CPU
		{DA65A057-37B9-493A-80CF-87B552693D24}.Release|x86.Build.0 = Release|Any CPU
		{83C847ED-29A3-4757-BEAC-DA58E95B99E2}.Debug|Any CPU.ActiveCfg = Debug|Any CPU
		{83C847ED-29A3-4757-BEAC-DA58E95B99E2}.Debug|Any CPU.Build.0 = Debug|Any CPU
		{83C847ED-29A3-4757-BEAC-DA58E95B99E2}.Debug|x64.ActiveCfg = Debug|Any CPU
		{83C847ED-29A3-4757-BEAC-DA58E95B99E2}.Debug|x64.Build.0 = Debug|Any CPU
		{83C847ED-29A3-4757-BEAC-DA58E95B99E2}.Debug|x86.ActiveCfg = Debug|Any CPU
		{83C847ED-29A3-4757-BEAC-DA58E95B99E2}.Debug|x86.Build.0 = Debug|Any CPU
		{83C847ED-29A3-4757-BEAC-DA58E95B99E2}.Release|Any CPU.ActiveCfg = Release|Any CPU
		{83C847ED-29A3-4757-BEAC-DA58E95B99E2}.Release|Any CPU.Build.0 = Release|Any CPU
		{83C847ED-29A3-4757-BEAC-DA58E95B99E2}.Release|x64.ActiveCfg = Release|Any CPU
		{83C847ED-29A3-4757-BEAC-DA58E95B99E2}.Release|x64.Build.0 = Release|Any CPU
		{83C847ED-29A3-4757-BEAC-DA58E95B99E2}.Release|x86.ActiveCfg = Release|Any CPU
		{83C847ED-29A3-4757-BEAC-DA58E95B99E2}.Release|x86.Build.0 = Release|Any CPU
		{71569BDF-5A94-41B3-A005-B61EA244435A}.Debug|Any CPU.ActiveCfg = Debug|Any CPU
		{71569BDF-5A94-41B3-A005-B61EA244435A}.Debug|Any CPU.Build.0 = Debug|Any CPU
		{71569BDF-5A94-41B3-A005-B61EA244435A}.Debug|x64.ActiveCfg = Debug|Any CPU
		{71569BDF-5A94-41B3-A005-B61EA244435A}.Debug|x64.Build.0 = Debug|Any CPU
		{71569BDF-5A94-41B3-A005-B61EA244435A}.Debug|x86.ActiveCfg = Debug|Any CPU
		{71569BDF-5A94-41B3-A005-B61EA244435A}.Debug|x86.Build.0 = Debug|Any CPU
		{71569BDF-5A94-41B3-A005-B61EA244435A}.Release|Any CPU.ActiveCfg = Release|Any CPU
		{71569BDF-5A94-41B3-A005-B61EA244435A}.Release|Any CPU.Build.0 = Release|Any CPU
		{71569BDF-5A94-41B3-A005-B61EA244435A}.Release|x64.ActiveCfg = Release|Any CPU
		{71569BDF-5A94-41B3-A005-B61EA244435A}.Release|x64.Build.0 = Release|Any CPU
		{71569BDF-5A94-41B3-A005-B61EA244435A}.Release|x86.ActiveCfg = Release|Any CPU
		{71569BDF-5A94-41B3-A005-B61EA244435A}.Release|x86.Build.0 = Release|Any CPU
		{CE2B8BD8-48F2-4BEC-A566-B85CE700A4D1}.Debug|Any CPU.ActiveCfg = Debug|Any CPU
		{CE2B8BD8-48F2-4BEC-A566-B85CE700A4D1}.Debug|Any CPU.Build.0 = Debug|Any CPU
		{CE2B8BD8-48F2-4BEC-A566-B85CE700A4D1}.Debug|x64.ActiveCfg = Debug|Any CPU
		{CE2B8BD8-48F2-4BEC-A566-B85CE700A4D1}.Debug|x64.Build.0 = Debug|Any CPU
		{CE2B8BD8-48F2-4BEC-A566-B85CE700A4D1}.Debug|x86.ActiveCfg = Debug|Any CPU
		{CE2B8BD8-48F2-4BEC-A566-B85CE700A4D1}.Debug|x86.Build.0 = Debug|Any CPU
		{CE2B8BD8-48F2-4BEC-A566-B85CE700A4D1}.Release|Any CPU.ActiveCfg = Release|Any CPU
		{CE2B8BD8-48F2-4BEC-A566-B85CE700A4D1}.Release|Any CPU.Build.0 = Release|Any CPU
		{CE2B8BD8-48F2-4BEC-A566-B85CE700A4D1}.Release|x64.ActiveCfg = Release|Any CPU
		{CE2B8BD8-48F2-4BEC-A566-B85CE700A4D1}.Release|x64.Build.0 = Release|Any CPU
		{CE2B8BD8-48F2-4BEC-A566-B85CE700A4D1}.Release|x86.ActiveCfg = Release|Any CPU
		{CE2B8BD8-48F2-4BEC-A566-B85CE700A4D1}.Release|x86.Build.0 = Release|Any CPU
		{B4C8256B-A322-4D8B-921C-90F8671B4FD3}.Debug|Any CPU.ActiveCfg = Debug|Any CPU
		{B4C8256B-A322-4D8B-921C-90F8671B4FD3}.Debug|Any CPU.Build.0 = Debug|Any CPU
		{B4C8256B-A322-4D8B-921C-90F8671B4FD3}.Debug|x64.ActiveCfg = Debug|Any CPU
		{B4C8256B-A322-4D8B-921C-90F8671B4FD3}.Debug|x64.Build.0 = Debug|Any CPU
		{B4C8256B-A322-4D8B-921C-90F8671B4FD3}.Debug|x86.ActiveCfg = Debug|Any CPU
		{B4C8256B-A322-4D8B-921C-90F8671B4FD3}.Debug|x86.Build.0 = Debug|Any CPU
		{B4C8256B-A322-4D8B-921C-90F8671B4FD3}.Release|Any CPU.ActiveCfg = Release|Any CPU
		{B4C8256B-A322-4D8B-921C-90F8671B4FD3}.Release|Any CPU.Build.0 = Release|Any CPU
		{B4C8256B-A322-4D8B-921C-90F8671B4FD3}.Release|x64.ActiveCfg = Release|Any CPU
		{B4C8256B-A322-4D8B-921C-90F8671B4FD3}.Release|x64.Build.0 = Release|Any CPU
		{B4C8256B-A322-4D8B-921C-90F8671B4FD3}.Release|x86.ActiveCfg = Release|Any CPU
		{B4C8256B-A322-4D8B-921C-90F8671B4FD3}.Release|x86.Build.0 = Release|Any CPU
		{39C6F593-96B4-4352-A353-AFD0D1723BD9}.Debug|Any CPU.ActiveCfg = Debug|Any CPU
		{39C6F593-96B4-4352-A353-AFD0D1723BD9}.Debug|Any CPU.Build.0 = Debug|Any CPU
		{39C6F593-96B4-4352-A353-AFD0D1723BD9}.Debug|x64.ActiveCfg = Debug|Any CPU
		{39C6F593-96B4-4352-A353-AFD0D1723BD9}.Debug|x64.Build.0 = Debug|Any CPU
		{39C6F593-96B4-4352-A353-AFD0D1723BD9}.Debug|x86.ActiveCfg = Debug|Any CPU
		{39C6F593-96B4-4352-A353-AFD0D1723BD9}.Debug|x86.Build.0 = Debug|Any CPU
		{39C6F593-96B4-4352-A353-AFD0D1723BD9}.Release|Any CPU.ActiveCfg = Release|Any CPU
		{39C6F593-96B4-4352-A353-AFD0D1723BD9}.Release|Any CPU.Build.0 = Release|Any CPU
		{39C6F593-96B4-4352-A353-AFD0D1723BD9}.Release|x64.ActiveCfg = Release|Any CPU
		{39C6F593-96B4-4352-A353-AFD0D1723BD9}.Release|x64.Build.0 = Release|Any CPU
		{39C6F593-96B4-4352-A353-AFD0D1723BD9}.Release|x86.ActiveCfg = Release|Any CPU
		{39C6F593-96B4-4352-A353-AFD0D1723BD9}.Release|x86.Build.0 = Release|Any CPU
		{50EC8474-7668-481D-AEDA-6A921F4EFF0F}.Debug|Any CPU.ActiveCfg = Debug|Any CPU
		{50EC8474-7668-481D-AEDA-6A921F4EFF0F}.Debug|Any CPU.Build.0 = Debug|Any CPU
		{50EC8474-7668-481D-AEDA-6A921F4EFF0F}.Debug|x64.ActiveCfg = Debug|Any CPU
		{50EC8474-7668-481D-AEDA-6A921F4EFF0F}.Debug|x64.Build.0 = Debug|Any CPU
		{50EC8474-7668-481D-AEDA-6A921F4EFF0F}.Debug|x86.ActiveCfg = Debug|Any CPU
		{50EC8474-7668-481D-AEDA-6A921F4EFF0F}.Debug|x86.Build.0 = Debug|Any CPU
		{50EC8474-7668-481D-AEDA-6A921F4EFF0F}.Release|Any CPU.ActiveCfg = Release|Any CPU
		{50EC8474-7668-481D-AEDA-6A921F4EFF0F}.Release|Any CPU.Build.0 = Release|Any CPU
		{50EC8474-7668-481D-AEDA-6A921F4EFF0F}.Release|x64.ActiveCfg = Release|Any CPU
		{50EC8474-7668-481D-AEDA-6A921F4EFF0F}.Release|x64.Build.0 = Release|Any CPU
		{50EC8474-7668-481D-AEDA-6A921F4EFF0F}.Release|x86.ActiveCfg = Release|Any CPU
		{50EC8474-7668-481D-AEDA-6A921F4EFF0F}.Release|x86.Build.0 = Release|Any CPU
		{15501866-E813-4043-998F-052004ABAA80}.Debug|Any CPU.ActiveCfg = Debug|Any CPU
		{15501866-E813-4043-998F-052004ABAA80}.Debug|Any CPU.Build.0 = Debug|Any CPU
		{15501866-E813-4043-998F-052004ABAA80}.Debug|x64.ActiveCfg = Debug|Any CPU
		{15501866-E813-4043-998F-052004ABAA80}.Debug|x64.Build.0 = Debug|Any CPU
		{15501866-E813-4043-998F-052004ABAA80}.Debug|x86.ActiveCfg = Debug|Any CPU
		{15501866-E813-4043-998F-052004ABAA80}.Debug|x86.Build.0 = Debug|Any CPU
		{15501866-E813-4043-998F-052004ABAA80}.Release|Any CPU.ActiveCfg = Release|Any CPU
		{15501866-E813-4043-998F-052004ABAA80}.Release|Any CPU.Build.0 = Release|Any CPU
		{15501866-E813-4043-998F-052004ABAA80}.Release|x64.ActiveCfg = Release|Any CPU
		{15501866-E813-4043-998F-052004ABAA80}.Release|x64.Build.0 = Release|Any CPU
		{15501866-E813-4043-998F-052004ABAA80}.Release|x86.ActiveCfg = Release|Any CPU
		{15501866-E813-4043-998F-052004ABAA80}.Release|x86.Build.0 = Release|Any CPU
		{D8B5128C-F827-4838-9D5C-F3260A3FBBE0}.Debug|Any CPU.ActiveCfg = Debug|Any CPU
		{D8B5128C-F827-4838-9D5C-F3260A3FBBE0}.Debug|Any CPU.Build.0 = Debug|Any CPU
		{D8B5128C-F827-4838-9D5C-F3260A3FBBE0}.Debug|x64.ActiveCfg = Debug|Any CPU
		{D8B5128C-F827-4838-9D5C-F3260A3FBBE0}.Debug|x64.Build.0 = Debug|Any CPU
		{D8B5128C-F827-4838-9D5C-F3260A3FBBE0}.Debug|x86.ActiveCfg = Debug|Any CPU
		{D8B5128C-F827-4838-9D5C-F3260A3FBBE0}.Debug|x86.Build.0 = Debug|Any CPU
		{D8B5128C-F827-4838-9D5C-F3260A3FBBE0}.Release|Any CPU.ActiveCfg = Release|Any CPU
		{D8B5128C-F827-4838-9D5C-F3260A3FBBE0}.Release|Any CPU.Build.0 = Release|Any CPU
		{D8B5128C-F827-4838-9D5C-F3260A3FBBE0}.Release|x64.ActiveCfg = Release|Any CPU
		{D8B5128C-F827-4838-9D5C-F3260A3FBBE0}.Release|x64.Build.0 = Release|Any CPU
		{D8B5128C-F827-4838-9D5C-F3260A3FBBE0}.Release|x86.ActiveCfg = Release|Any CPU
		{D8B5128C-F827-4838-9D5C-F3260A3FBBE0}.Release|x86.Build.0 = Release|Any CPU
		{71B62AA0-9443-416A-AF70-34D12F25AAD5}.Debug|Any CPU.ActiveCfg = Debug|Any CPU
		{71B62AA0-9443-416A-AF70-34D12F25AAD5}.Debug|Any CPU.Build.0 = Debug|Any CPU
		{71B62AA0-9443-416A-AF70-34D12F25AAD5}.Debug|x64.ActiveCfg = Debug|Any CPU
		{71B62AA0-9443-416A-AF70-34D12F25AAD5}.Debug|x64.Build.0 = Debug|Any CPU
		{71B62AA0-9443-416A-AF70-34D12F25AAD5}.Debug|x86.ActiveCfg = Debug|Any CPU
		{71B62AA0-9443-416A-AF70-34D12F25AAD5}.Debug|x86.Build.0 = Debug|Any CPU
		{71B62AA0-9443-416A-AF70-34D12F25AAD5}.Release|Any CPU.ActiveCfg = Release|Any CPU
		{71B62AA0-9443-416A-AF70-34D12F25AAD5}.Release|Any CPU.Build.0 = Release|Any CPU
		{71B62AA0-9443-416A-AF70-34D12F25AAD5}.Release|x64.ActiveCfg = Release|Any CPU
		{71B62AA0-9443-416A-AF70-34D12F25AAD5}.Release|x64.Build.0 = Release|Any CPU
		{71B62AA0-9443-416A-AF70-34D12F25AAD5}.Release|x86.ActiveCfg = Release|Any CPU
		{71B62AA0-9443-416A-AF70-34D12F25AAD5}.Release|x86.Build.0 = Release|Any CPU
		{C8BA6F6E-5523-4E95-8AF2-57097FF04916}.Debug|Any CPU.ActiveCfg = Debug|Any CPU
		{C8BA6F6E-5523-4E95-8AF2-57097FF04916}.Debug|Any CPU.Build.0 = Debug|Any CPU
		{C8BA6F6E-5523-4E95-8AF2-57097FF04916}.Debug|x64.ActiveCfg = Debug|Any CPU
		{C8BA6F6E-5523-4E95-8AF2-57097FF04916}.Debug|x64.Build.0 = Debug|Any CPU
		{C8BA6F6E-5523-4E95-8AF2-57097FF04916}.Debug|x86.ActiveCfg = Debug|Any CPU
		{C8BA6F6E-5523-4E95-8AF2-57097FF04916}.Debug|x86.Build.0 = Debug|Any CPU
		{C8BA6F6E-5523-4E95-8AF2-57097FF04916}.Release|Any CPU.ActiveCfg = Release|Any CPU
		{C8BA6F6E-5523-4E95-8AF2-57097FF04916}.Release|Any CPU.Build.0 = Release|Any CPU
		{C8BA6F6E-5523-4E95-8AF2-57097FF04916}.Release|x64.ActiveCfg = Release|Any CPU
		{C8BA6F6E-5523-4E95-8AF2-57097FF04916}.Release|x64.Build.0 = Release|Any CPU
		{C8BA6F6E-5523-4E95-8AF2-57097FF04916}.Release|x86.ActiveCfg = Release|Any CPU
		{C8BA6F6E-5523-4E95-8AF2-57097FF04916}.Release|x86.Build.0 = Release|Any CPU
		{441C9925-D030-4102-A6F7-82D9A26688B8}.Debug|Any CPU.ActiveCfg = Debug|Any CPU
		{441C9925-D030-4102-A6F7-82D9A26688B8}.Debug|Any CPU.Build.0 = Debug|Any CPU
		{441C9925-D030-4102-A6F7-82D9A26688B8}.Debug|x64.ActiveCfg = Debug|Any CPU
		{441C9925-D030-4102-A6F7-82D9A26688B8}.Debug|x64.Build.0 = Debug|Any CPU
		{441C9925-D030-4102-A6F7-82D9A26688B8}.Debug|x86.ActiveCfg = Debug|Any CPU
		{441C9925-D030-4102-A6F7-82D9A26688B8}.Debug|x86.Build.0 = Debug|Any CPU
		{441C9925-D030-4102-A6F7-82D9A26688B8}.Release|Any CPU.ActiveCfg = Release|Any CPU
		{441C9925-D030-4102-A6F7-82D9A26688B8}.Release|Any CPU.Build.0 = Release|Any CPU
		{441C9925-D030-4102-A6F7-82D9A26688B8}.Release|x64.ActiveCfg = Release|Any CPU
		{441C9925-D030-4102-A6F7-82D9A26688B8}.Release|x64.Build.0 = Release|Any CPU
		{441C9925-D030-4102-A6F7-82D9A26688B8}.Release|x86.ActiveCfg = Release|Any CPU
		{441C9925-D030-4102-A6F7-82D9A26688B8}.Release|x86.Build.0 = Release|Any CPU
		{417ADBD8-4384-44B4-9D75-E3697143E1C5}.Debug|Any CPU.ActiveCfg = Debug|Any CPU
		{417ADBD8-4384-44B4-9D75-E3697143E1C5}.Debug|Any CPU.Build.0 = Debug|Any CPU
		{417ADBD8-4384-44B4-9D75-E3697143E1C5}.Debug|x64.ActiveCfg = Debug|Any CPU
		{417ADBD8-4384-44B4-9D75-E3697143E1C5}.Debug|x64.Build.0 = Debug|Any CPU
		{417ADBD8-4384-44B4-9D75-E3697143E1C5}.Debug|x86.ActiveCfg = Debug|Any CPU
		{417ADBD8-4384-44B4-9D75-E3697143E1C5}.Debug|x86.Build.0 = Debug|Any CPU
		{417ADBD8-4384-44B4-9D75-E3697143E1C5}.Release|Any CPU.ActiveCfg = Release|Any CPU
		{417ADBD8-4384-44B4-9D75-E3697143E1C5}.Release|Any CPU.Build.0 = Release|Any CPU
		{417ADBD8-4384-44B4-9D75-E3697143E1C5}.Release|x64.ActiveCfg = Release|Any CPU
		{417ADBD8-4384-44B4-9D75-E3697143E1C5}.Release|x64.Build.0 = Release|Any CPU
		{417ADBD8-4384-44B4-9D75-E3697143E1C5}.Release|x86.ActiveCfg = Release|Any CPU
		{417ADBD8-4384-44B4-9D75-E3697143E1C5}.Release|x86.Build.0 = Release|Any CPU
		{9537259D-CF2F-4B90-B814-9850013DBCFD}.Debug|Any CPU.ActiveCfg = Debug|Any CPU
		{9537259D-CF2F-4B90-B814-9850013DBCFD}.Debug|Any CPU.Build.0 = Debug|Any CPU
		{9537259D-CF2F-4B90-B814-9850013DBCFD}.Debug|x64.ActiveCfg = Debug|Any CPU
		{9537259D-CF2F-4B90-B814-9850013DBCFD}.Debug|x64.Build.0 = Debug|Any CPU
		{9537259D-CF2F-4B90-B814-9850013DBCFD}.Debug|x86.ActiveCfg = Debug|Any CPU
		{9537259D-CF2F-4B90-B814-9850013DBCFD}.Debug|x86.Build.0 = Debug|Any CPU
		{9537259D-CF2F-4B90-B814-9850013DBCFD}.Release|Any CPU.ActiveCfg = Release|Any CPU
		{9537259D-CF2F-4B90-B814-9850013DBCFD}.Release|Any CPU.Build.0 = Release|Any CPU
		{9537259D-CF2F-4B90-B814-9850013DBCFD}.Release|x64.ActiveCfg = Release|Any CPU
		{9537259D-CF2F-4B90-B814-9850013DBCFD}.Release|x64.Build.0 = Release|Any CPU
		{9537259D-CF2F-4B90-B814-9850013DBCFD}.Release|x86.ActiveCfg = Release|Any CPU
		{9537259D-CF2F-4B90-B814-9850013DBCFD}.Release|x86.Build.0 = Release|Any CPU
		{A29F8D6C-2E87-457D-BE53-1B43D18B9AE9}.Debug|Any CPU.ActiveCfg = Debug|Any CPU
		{A29F8D6C-2E87-457D-BE53-1B43D18B9AE9}.Debug|Any CPU.Build.0 = Debug|Any CPU
		{A29F8D6C-2E87-457D-BE53-1B43D18B9AE9}.Debug|x64.ActiveCfg = Debug|Any CPU
		{A29F8D6C-2E87-457D-BE53-1B43D18B9AE9}.Debug|x64.Build.0 = Debug|Any CPU
		{A29F8D6C-2E87-457D-BE53-1B43D18B9AE9}.Debug|x86.ActiveCfg = Debug|Any CPU
		{A29F8D6C-2E87-457D-BE53-1B43D18B9AE9}.Debug|x86.Build.0 = Debug|Any CPU
		{A29F8D6C-2E87-457D-BE53-1B43D18B9AE9}.Release|Any CPU.ActiveCfg = Release|Any CPU
		{A29F8D6C-2E87-457D-BE53-1B43D18B9AE9}.Release|Any CPU.Build.0 = Release|Any CPU
		{A29F8D6C-2E87-457D-BE53-1B43D18B9AE9}.Release|x64.ActiveCfg = Release|Any CPU
		{A29F8D6C-2E87-457D-BE53-1B43D18B9AE9}.Release|x64.Build.0 = Release|Any CPU
		{A29F8D6C-2E87-457D-BE53-1B43D18B9AE9}.Release|x86.ActiveCfg = Release|Any CPU
		{A29F8D6C-2E87-457D-BE53-1B43D18B9AE9}.Release|x86.Build.0 = Release|Any CPU
		{BD0BBD73-54CE-486B-82A9-01B2563600FD}.Debug|Any CPU.ActiveCfg = Debug|Any CPU
		{BD0BBD73-54CE-486B-82A9-01B2563600FD}.Debug|Any CPU.Build.0 = Debug|Any CPU
		{BD0BBD73-54CE-486B-82A9-01B2563600FD}.Debug|x64.ActiveCfg = Debug|Any CPU
		{BD0BBD73-54CE-486B-82A9-01B2563600FD}.Debug|x64.Build.0 = Debug|Any CPU
		{BD0BBD73-54CE-486B-82A9-01B2563600FD}.Debug|x86.ActiveCfg = Debug|Any CPU
		{BD0BBD73-54CE-486B-82A9-01B2563600FD}.Debug|x86.Build.0 = Debug|Any CPU
		{BD0BBD73-54CE-486B-82A9-01B2563600FD}.Release|Any CPU.ActiveCfg = Release|Any CPU
		{BD0BBD73-54CE-486B-82A9-01B2563600FD}.Release|Any CPU.Build.0 = Release|Any CPU
		{BD0BBD73-54CE-486B-82A9-01B2563600FD}.Release|x64.ActiveCfg = Release|Any CPU
		{BD0BBD73-54CE-486B-82A9-01B2563600FD}.Release|x64.Build.0 = Release|Any CPU
		{BD0BBD73-54CE-486B-82A9-01B2563600FD}.Release|x86.ActiveCfg = Release|Any CPU
		{BD0BBD73-54CE-486B-82A9-01B2563600FD}.Release|x86.Build.0 = Release|Any CPU
		{93A233BA-C9AA-44F4-BE74-03C43FDEE98B}.Debug|Any CPU.ActiveCfg = Debug|Any CPU
		{93A233BA-C9AA-44F4-BE74-03C43FDEE98B}.Debug|Any CPU.Build.0 = Debug|Any CPU
		{93A233BA-C9AA-44F4-BE74-03C43FDEE98B}.Debug|x64.ActiveCfg = Debug|Any CPU
		{93A233BA-C9AA-44F4-BE74-03C43FDEE98B}.Debug|x64.Build.0 = Debug|Any CPU
		{93A233BA-C9AA-44F4-BE74-03C43FDEE98B}.Debug|x86.ActiveCfg = Debug|Any CPU
		{93A233BA-C9AA-44F4-BE74-03C43FDEE98B}.Debug|x86.Build.0 = Debug|Any CPU
		{93A233BA-C9AA-44F4-BE74-03C43FDEE98B}.Release|Any CPU.ActiveCfg = Release|Any CPU
		{93A233BA-C9AA-44F4-BE74-03C43FDEE98B}.Release|Any CPU.Build.0 = Release|Any CPU
		{93A233BA-C9AA-44F4-BE74-03C43FDEE98B}.Release|x64.ActiveCfg = Release|Any CPU
		{93A233BA-C9AA-44F4-BE74-03C43FDEE98B}.Release|x64.Build.0 = Release|Any CPU
		{93A233BA-C9AA-44F4-BE74-03C43FDEE98B}.Release|x86.ActiveCfg = Release|Any CPU
		{93A233BA-C9AA-44F4-BE74-03C43FDEE98B}.Release|x86.Build.0 = Release|Any CPU
		{18C07129-6E29-49FC-A580-8752E9E70363}.Debug|Any CPU.ActiveCfg = Debug|Any CPU
		{18C07129-6E29-49FC-A580-8752E9E70363}.Debug|Any CPU.Build.0 = Debug|Any CPU
		{18C07129-6E29-49FC-A580-8752E9E70363}.Debug|x64.ActiveCfg = Debug|Any CPU
		{18C07129-6E29-49FC-A580-8752E9E70363}.Debug|x64.Build.0 = Debug|Any CPU
		{18C07129-6E29-49FC-A580-8752E9E70363}.Debug|x86.ActiveCfg = Debug|Any CPU
		{18C07129-6E29-49FC-A580-8752E9E70363}.Debug|x86.Build.0 = Debug|Any CPU
		{18C07129-6E29-49FC-A580-8752E9E70363}.Release|Any CPU.ActiveCfg = Release|Any CPU
		{18C07129-6E29-49FC-A580-8752E9E70363}.Release|Any CPU.Build.0 = Release|Any CPU
		{18C07129-6E29-49FC-A580-8752E9E70363}.Release|x64.ActiveCfg = Release|Any CPU
		{18C07129-6E29-49FC-A580-8752E9E70363}.Release|x64.Build.0 = Release|Any CPU
		{18C07129-6E29-49FC-A580-8752E9E70363}.Release|x86.ActiveCfg = Release|Any CPU
		{18C07129-6E29-49FC-A580-8752E9E70363}.Release|x86.Build.0 = Release|Any CPU
		{77E9781C-DEBA-45D4-A7C0-7DF789F84AAB}.Debug|Any CPU.ActiveCfg = Debug|Any CPU
		{77E9781C-DEBA-45D4-A7C0-7DF789F84AAB}.Debug|Any CPU.Build.0 = Debug|Any CPU
		{77E9781C-DEBA-45D4-A7C0-7DF789F84AAB}.Debug|x64.ActiveCfg = Debug|Any CPU
		{77E9781C-DEBA-45D4-A7C0-7DF789F84AAB}.Debug|x64.Build.0 = Debug|Any CPU
		{77E9781C-DEBA-45D4-A7C0-7DF789F84AAB}.Debug|x86.ActiveCfg = Debug|Any CPU
		{77E9781C-DEBA-45D4-A7C0-7DF789F84AAB}.Debug|x86.Build.0 = Debug|Any CPU
		{77E9781C-DEBA-45D4-A7C0-7DF789F84AAB}.Release|Any CPU.ActiveCfg = Release|Any CPU
		{77E9781C-DEBA-45D4-A7C0-7DF789F84AAB}.Release|Any CPU.Build.0 = Release|Any CPU
		{77E9781C-DEBA-45D4-A7C0-7DF789F84AAB}.Release|x64.ActiveCfg = Release|Any CPU
		{77E9781C-DEBA-45D4-A7C0-7DF789F84AAB}.Release|x64.Build.0 = Release|Any CPU
		{77E9781C-DEBA-45D4-A7C0-7DF789F84AAB}.Release|x86.ActiveCfg = Release|Any CPU
		{77E9781C-DEBA-45D4-A7C0-7DF789F84AAB}.Release|x86.Build.0 = Release|Any CPU
		{F7BF1308-60F2-4722-BFEA-5F428A01C000}.Debug|Any CPU.ActiveCfg = Debug|Any CPU
		{F7BF1308-60F2-4722-BFEA-5F428A01C000}.Debug|Any CPU.Build.0 = Debug|Any CPU
		{F7BF1308-60F2-4722-BFEA-5F428A01C000}.Debug|x64.ActiveCfg = Debug|Any CPU
		{F7BF1308-60F2-4722-BFEA-5F428A01C000}.Debug|x64.Build.0 = Debug|Any CPU
		{F7BF1308-60F2-4722-BFEA-5F428A01C000}.Debug|x86.ActiveCfg = Debug|Any CPU
		{F7BF1308-60F2-4722-BFEA-5F428A01C000}.Debug|x86.Build.0 = Debug|Any CPU
		{F7BF1308-60F2-4722-BFEA-5F428A01C000}.Release|Any CPU.ActiveCfg = Release|Any CPU
		{F7BF1308-60F2-4722-BFEA-5F428A01C000}.Release|Any CPU.Build.0 = Release|Any CPU
		{F7BF1308-60F2-4722-BFEA-5F428A01C000}.Release|x64.ActiveCfg = Release|Any CPU
		{F7BF1308-60F2-4722-BFEA-5F428A01C000}.Release|x64.Build.0 = Release|Any CPU
		{F7BF1308-60F2-4722-BFEA-5F428A01C000}.Release|x86.ActiveCfg = Release|Any CPU
		{F7BF1308-60F2-4722-BFEA-5F428A01C000}.Release|x86.Build.0 = Release|Any CPU
		{12A33F99-3288-4FA0-8E83-78412CCB7493}.Debug|Any CPU.ActiveCfg = Debug|Any CPU
		{12A33F99-3288-4FA0-8E83-78412CCB7493}.Debug|Any CPU.Build.0 = Debug|Any CPU
		{12A33F99-3288-4FA0-8E83-78412CCB7493}.Debug|x64.ActiveCfg = Debug|Any CPU
		{12A33F99-3288-4FA0-8E83-78412CCB7493}.Debug|x64.Build.0 = Debug|Any CPU
		{12A33F99-3288-4FA0-8E83-78412CCB7493}.Debug|x86.ActiveCfg = Debug|Any CPU
		{12A33F99-3288-4FA0-8E83-78412CCB7493}.Debug|x86.Build.0 = Debug|Any CPU
		{12A33F99-3288-4FA0-8E83-78412CCB7493}.Release|Any CPU.ActiveCfg = Release|Any CPU
		{12A33F99-3288-4FA0-8E83-78412CCB7493}.Release|Any CPU.Build.0 = Release|Any CPU
		{12A33F99-3288-4FA0-8E83-78412CCB7493}.Release|x64.ActiveCfg = Release|Any CPU
		{12A33F99-3288-4FA0-8E83-78412CCB7493}.Release|x64.Build.0 = Release|Any CPU
		{12A33F99-3288-4FA0-8E83-78412CCB7493}.Release|x86.ActiveCfg = Release|Any CPU
		{12A33F99-3288-4FA0-8E83-78412CCB7493}.Release|x86.Build.0 = Release|Any CPU
		{5A5EF1CD-3F34-4FEB-9006-375F4C237D0E}.Debug|Any CPU.ActiveCfg = Debug|Any CPU
		{5A5EF1CD-3F34-4FEB-9006-375F4C237D0E}.Debug|Any CPU.Build.0 = Debug|Any CPU
		{5A5EF1CD-3F34-4FEB-9006-375F4C237D0E}.Debug|x64.ActiveCfg = Debug|Any CPU
		{5A5EF1CD-3F34-4FEB-9006-375F4C237D0E}.Debug|x64.Build.0 = Debug|Any CPU
		{5A5EF1CD-3F34-4FEB-9006-375F4C237D0E}.Debug|x86.ActiveCfg = Debug|Any CPU
		{5A5EF1CD-3F34-4FEB-9006-375F4C237D0E}.Debug|x86.Build.0 = Debug|Any CPU
		{5A5EF1CD-3F34-4FEB-9006-375F4C237D0E}.Release|Any CPU.ActiveCfg = Release|Any CPU
		{5A5EF1CD-3F34-4FEB-9006-375F4C237D0E}.Release|Any CPU.Build.0 = Release|Any CPU
		{5A5EF1CD-3F34-4FEB-9006-375F4C237D0E}.Release|x64.ActiveCfg = Release|Any CPU
		{5A5EF1CD-3F34-4FEB-9006-375F4C237D0E}.Release|x64.Build.0 = Release|Any CPU
		{5A5EF1CD-3F34-4FEB-9006-375F4C237D0E}.Release|x86.ActiveCfg = Release|Any CPU
		{5A5EF1CD-3F34-4FEB-9006-375F4C237D0E}.Release|x86.Build.0 = Release|Any CPU
	EndGlobalSection
	GlobalSection(SolutionProperties) = preSolution
		HideSolutionNode = FALSE
	EndGlobalSection
	GlobalSection(NestedProjects) = preSolution
		{EC447DCF-ABFA-6E24-52A5-D7FD48A5C558} = {827E0CD3-B72D-47B6-A68D-7590B98EB39B}
		{9F253430-FE38-4861-84DA-462174C784D2} = {0AB3BF05-4346-4AA6-1389-037BE0695223}
		{960C515E-BE20-48F7-AA22-EFB0B5874DA1} = {0AB3BF05-4346-4AA6-1389-037BE0695223}
		{465AC8B6-3FC2-41A9-BDFB-65AC3B1496ED} = {0AB3BF05-4346-4AA6-1389-037BE0695223}
		{8D626EA8-CB54-BC41-363A-217881BEBA6E} = {827E0CD3-B72D-47B6-A68D-7590B98EB39B}
		{54ECAA39-EFF3-475B-AA05-8581B7350E97} = {8D626EA8-CB54-BC41-363A-217881BEBA6E}
		{4CFE7071-687A-48E1-9A38-17483F0FB47E} = {8D626EA8-CB54-BC41-363A-217881BEBA6E}
		{0EC62A1A-9858-3A60-8A0C-FC9AACFA2EC7} = {EC447DCF-ABFA-6E24-52A5-D7FD48A5C558}
		{9DD299F4-D390-4EB9-BA8F-3844E48B7776} = {0EC62A1A-9858-3A60-8A0C-FC9AACFA2EC7}
		{031692F4-B935-4315-9D75-49251D5B5AE5} = {0EC62A1A-9858-3A60-8A0C-FC9AACFA2EC7}
		{03E6D997-B9AA-83D0-280D-BFE1D5C4683C} = {EC447DCF-ABFA-6E24-52A5-D7FD48A5C558}
		{9C9072EB-7E6C-4625-A9DA-C9DEF68BA771} = {03E6D997-B9AA-83D0-280D-BFE1D5C4683C}
		{D5D24ACC-5F6E-4BDC-BCBC-0366A6E6DC5D} = {03E6D997-B9AA-83D0-280D-BFE1D5C4683C}
		{8CDC3715-4F07-4356-AC33-49553A00A747} = {0EC62A1A-9858-3A60-8A0C-FC9AACFA2EC7}
		{DB9EA871-3BDA-4707-8DA1-EAD587EA6A26} = {0EC62A1A-9858-3A60-8A0C-FC9AACFA2EC7}
		{3454D594-4F90-42F4-8681-57101342DAF7} = {03E6D997-B9AA-83D0-280D-BFE1D5C4683C}
		{DA65A057-37B9-493A-80CF-87B552693D24} = {03E6D997-B9AA-83D0-280D-BFE1D5C4683C}
		{1E1EF545-4C18-AEE2-B997-7EF431518D3F} = {EC447DCF-ABFA-6E24-52A5-D7FD48A5C558}
		{83C847ED-29A3-4757-BEAC-DA58E95B99E2} = {1E1EF545-4C18-AEE2-B997-7EF431518D3F}
		{71569BDF-5A94-41B3-A005-B61EA244435A} = {1E1EF545-4C18-AEE2-B997-7EF431518D3F}
		{CE2B8BD8-48F2-4BEC-A566-B85CE700A4D1} = {1E1EF545-4C18-AEE2-B997-7EF431518D3F}
		{B4C8256B-A322-4D8B-921C-90F8671B4FD3} = {1E1EF545-4C18-AEE2-B997-7EF431518D3F}
		{59928C04-13E2-A594-43A2-57881A673FE5} = {EC447DCF-ABFA-6E24-52A5-D7FD48A5C558}
		{39C6F593-96B4-4352-A353-AFD0D1723BD9} = {59928C04-13E2-A594-43A2-57881A673FE5}
		{50EC8474-7668-481D-AEDA-6A921F4EFF0F} = {59928C04-13E2-A594-43A2-57881A673FE5}
		{15501866-E813-4043-998F-052004ABAA80} = {59928C04-13E2-A594-43A2-57881A673FE5}
		{D8B5128C-F827-4838-9D5C-F3260A3FBBE0} = {59928C04-13E2-A594-43A2-57881A673FE5}
		{5C50A689-B514-194B-0249-744A6330F552} = {EC447DCF-ABFA-6E24-52A5-D7FD48A5C558}
		{71B62AA0-9443-416A-AF70-34D12F25AAD5} = {5C50A689-B514-194B-0249-744A6330F552}
		{C8BA6F6E-5523-4E95-8AF2-57097FF04916} = {5C50A689-B514-194B-0249-744A6330F552}
		{441C9925-D030-4102-A6F7-82D9A26688B8} = {5C50A689-B514-194B-0249-744A6330F552}
		{417ADBD8-4384-44B4-9D75-E3697143E1C5} = {5C50A689-B514-194B-0249-744A6330F552}
		{FC0D8A46-3DC7-E91E-C357-28F70C4DB3C6} = {EC447DCF-ABFA-6E24-52A5-D7FD48A5C558}
		{9537259D-CF2F-4B90-B814-9850013DBCFD} = {FC0D8A46-3DC7-E91E-C357-28F70C4DB3C6}
		{A29F8D6C-2E87-457D-BE53-1B43D18B9AE9} = {FC0D8A46-3DC7-E91E-C357-28F70C4DB3C6}
		{BD0BBD73-54CE-486B-82A9-01B2563600FD} = {FC0D8A46-3DC7-E91E-C357-28F70C4DB3C6}
		{93A233BA-C9AA-44F4-BE74-03C43FDEE98B} = {FC0D8A46-3DC7-E91E-C357-28F70C4DB3C6}
		{DE9DAF8A-E684-0FD3-FFDC-40D3E3158533} = {EC447DCF-ABFA-6E24-52A5-D7FD48A5C558}
		{18C07129-6E29-49FC-A580-8752E9E70363} = {DE9DAF8A-E684-0FD3-FFDC-40D3E3158533}
		{77E9781C-DEBA-45D4-A7C0-7DF789F84AAB} = {DE9DAF8A-E684-0FD3-FFDC-40D3E3158533}
		{F7BF1308-60F2-4722-BFEA-5F428A01C000} = {DE9DAF8A-E684-0FD3-FFDC-40D3E3158533}
		{12A33F99-3288-4FA0-8E83-78412CCB7493} = {DE9DAF8A-E684-0FD3-FFDC-40D3E3158533}
		{81034408-37C8-1011-444E-4C15C2FADA8E} = {827E0CD3-B72D-47B6-A68D-7590B98EB39B}
		{5A5EF1CD-3F34-4FEB-9006-375F4C237D0E} = {81034408-37C8-1011-444E-4C15C2FADA8E}
	EndGlobalSection
EndGlobal
