
Microsoft Visual Studio Solution File, Format Version 12.00
# Visual Studio Version 17
VisualStudioVersion = 17.0.31903.59
MinimumVisualStudioVersion = 10.0.40219.1
Project("{2150E333-8FDC-42A3-9474-1A3956D46DE8}") = "src", "src", "{827E0CD3-B72D-47B6-A68D-7590B98EB39B}"
EndProject
Project("{FAE04EC0-301F-11D3-BF4B-00C04F79EFBC}") = "GlowNow.Api", "src\GlowNow.Api\GlowNow.Api.csproj", "{CD083C85-7F3D-4A59-AC60-44D93830F212}"
EndProject
Project("{FAE04EC0-301F-11D3-BF4B-00C04F79EFBC}") = "GlowNow.Shared", "src\GlowNow.Shared\GlowNow.Shared.csproj", "{3DFB5CCF-562C-4181-83FD-74549C1EDE26}"
EndProject
Project("{2150E333-8FDC-42A3-9474-1A3956D46DE8}") = "Modules", "Modules", "{EC447DCF-ABFA-6E24-52A5-D7FD48A5C558}"
EndProject
Project("{FAE04EC0-301F-11D3-BF4B-00C04F79EFBC}") = "GlowNow.Identity", "src\Modules\GlowNow.Identity\GlowNow.Identity.csproj", "{BAC07E4C-2B24-4DAD-848B-5162C24C1A26}"
EndProject
Project("{FAE04EC0-301F-11D3-BF4B-00C04F79EFBC}") = "GlowNow.Business", "src\Modules\GlowNow.Business\GlowNow.Business.csproj", "{F835D045-543C-4225-A373-F9036B58DF9B}"
EndProject
Project("{FAE04EC0-301F-11D3-BF4B-00C04F79EFBC}") = "GlowNow.Catalog", "src\Modules\GlowNow.Catalog\GlowNow.Catalog.csproj", "{371964AC-1249-4F35-B3D5-DCEC301CDEB6}"
EndProject
Project("{FAE04EC0-301F-11D3-BF4B-00C04F79EFBC}") = "GlowNow.Team", "src\Modules\GlowNow.Team\GlowNow.Team.csproj", "{90A30EF9-C746-4F3A-A42C-AFD05BF9A2FB}"
EndProject
Project("{FAE04EC0-301F-11D3-BF4B-00C04F79EFBC}") = "GlowNow.Clients", "src\Modules\GlowNow.Clients\GlowNow.Clients.csproj", "{E49390EB-F668-41A0-93A3-07DFE39D8F4A}"
EndProject
Project("{FAE04EC0-301F-11D3-BF4B-00C04F79EFBC}") = "GlowNow.Booking", "src\Modules\GlowNow.Booking\GlowNow.Booking.csproj", "{152B1608-8BCB-43F4-B5C0-493EA3C448D2}"
EndProject
Project("{FAE04EC0-301F-11D3-BF4B-00C04F79EFBC}") = "GlowNow.Notifications", "src\Modules\GlowNow.Notifications\GlowNow.Notifications.csproj", "{21DF401C-8FEF-48FB-AC96-3CF5CAE7963E}"
EndProject
Project("{2150E333-8FDC-42A3-9474-1A3956D46DE8}") = "tests", "tests", "{0AB3BF05-4346-4AA6-1389-037BE0695223}"
EndProject
Project("{FAE04EC0-301F-11D3-BF4B-00C04F79EFBC}") = "GlowNow.UnitTests", "tests\GlowNow.UnitTests\GlowNow.UnitTests.csproj", "{9F253430-FE38-4861-84DA-462174C784D2}"
EndProject
Project("{FAE04EC0-301F-11D3-BF4B-00C04F79EFBC}") = "GlowNow.IntegrationTests", "tests\GlowNow.IntegrationTests\GlowNow.IntegrationTests.csproj", "{960C515E-BE20-48F7-AA22-EFB0B5874DA1}"
EndProject
Project("{FAE04EC0-301F-11D3-BF4B-00C04F79EFBC}") = "GlowNow.ApiTests", "tests\GlowNow.ApiTests\GlowNow.ApiTests.csproj", "{465AC8B6-3FC2-41A9-BDFB-65AC3B1496ED}"
EndProject
Global
	GlobalSection(SolutionConfigurationPlatforms) = preSolution
		Debug|Any CPU = Debug|Any CPU
		Debug|x64 = Debug|x64
		Debug|x86 = Debug|x86
		Release|Any CPU = Release|Any CPU
		Release|x64 = Release|x64
		Release|x86 = Release|x86
	EndGlobalSection
	GlobalSection(ProjectConfigurationPlatforms) = postSolution
		{CD083C85-7F3D-4A59-AC60-44D93830F212}.Debug|Any CPU.ActiveCfg = Debug|Any CPU
		{CD083C85-7F3D-4A59-AC60-44D93830F212}.Debug|Any CPU.Build.0 = Debug|Any CPU
		{CD083C85-7F3D-4A59-AC60-44D93830F212}.Debug|x64.ActiveCfg = Debug|Any CPU
		{CD083C85-7F3D-4A59-AC60-44D93830F212}.Debug|x64.Build.0 = Debug|Any CPU
		{CD083C85-7F3D-4A59-AC60-44D93830F212}.Debug|x86.ActiveCfg = Debug|Any CPU
		{CD083C85-7F3D-4A59-AC60-44D93830F212}.Debug|x86.Build.0 = Debug|Any CPU
		{CD083C85-7F3D-4A59-AC60-44D93830F212}.Release|Any CPU.ActiveCfg = Release|Any CPU
		{CD083C85-7F3D-4A59-AC60-44D93830F212}.Release|Any CPU.Build.0 = Release|Any CPU
		{CD083C85-7F3D-4A59-AC60-44D93830F212}.Release|x64.ActiveCfg = Release|Any CPU
		{CD083C85-7F3D-4A59-AC60-44D93830F212}.Release|x64.Build.0 = Release|Any CPU
		{CD083C85-7F3D-4A59-AC60-44D93830F212}.Release|x86.ActiveCfg = Release|Any CPU
		{CD083C85-7F3D-4A59-AC60-44D93830F212}.Release|x86.Build.0 = Release|Any CPU
		{3DFB5CCF-562C-4181-83FD-74549C1EDE26}.Debug|Any CPU.ActiveCfg = Debug|Any CPU
		{3DFB5CCF-562C-4181-83FD-74549C1EDE26}.Debug|Any CPU.Build.0 = Debug|Any CPU
		{3DFB5CCF-562C-4181-83FD-74549C1EDE26}.Debug|x64.ActiveCfg = Debug|Any CPU
		{3DFB5CCF-562C-4181-83FD-74549C1EDE26}.Debug|x64.Build.0 = Debug|Any CPU
		{3DFB5CCF-562C-4181-83FD-74549C1EDE26}.Debug|x86.ActiveCfg = Debug|Any CPU
		{3DFB5CCF-562C-4181-83FD-74549C1EDE26}.Debug|x86.Build.0 = Debug|Any CPU
		{3DFB5CCF-562C-4181-83FD-74549C1EDE26}.Release|Any CPU.ActiveCfg = Release|Any CPU
		{3DFB5CCF-562C-4181-83FD-74549C1EDE26}.Release|Any CPU.Build.0 = Release|Any CPU
		{3DFB5CCF-562C-4181-83FD-74549C1EDE26}.Release|x64.ActiveCfg = Release|Any CPU
		{3DFB5CCF-562C-4181-83FD-74549C1EDE26}.Release|x64.Build.0 = Release|Any CPU
		{3DFB5CCF-562C-4181-83FD-74549C1EDE26}.Release|x86.ActiveCfg = Release|Any CPU
		{3DFB5CCF-562C-4181-83FD-74549C1EDE26}.Release|x86.Build.0 = Release|Any CPU
		{BAC07E4C-2B24-4DAD-848B-5162C24C1A26}.Debug|Any CPU.ActiveCfg = Debug|Any CPU
		{BAC07E4C-2B24-4DAD-848B-5162C24C1A26}.Debug|Any CPU.Build.0 = Debug|Any CPU
		{BAC07E4C-2B24-4DAD-848B-5162C24C1A26}.Debug|x64.ActiveCfg = Debug|Any CPU
		{BAC07E4C-2B24-4DAD-848B-5162C24C1A26}.Debug|x64.Build.0 = Debug|Any CPU
		{BAC07E4C-2B24-4DAD-848B-5162C24C1A26}.Debug|x86.ActiveCfg = Debug|Any CPU
		{BAC07E4C-2B24-4DAD-848B-5162C24C1A26}.Debug|x86.Build.0 = Debug|Any CPU
		{BAC07E4C-2B24-4DAD-848B-5162C24C1A26}.Release|Any CPU.ActiveCfg = Release|Any CPU
		{BAC07E4C-2B24-4DAD-848B-5162C24C1A26}.Release|Any CPU.Build.0 = Release|Any CPU
		{BAC07E4C-2B24-4DAD-848B-5162C24C1A26}.Release|x64.ActiveCfg = Release|Any CPU
		{BAC07E4C-2B24-4DAD-848B-5162C24C1A26}.Release|x64.Build.0 = Release|Any CPU
		{BAC07E4C-2B24-4DAD-848B-5162C24C1A26}.Release|x86.ActiveCfg = Release|Any CPU
		{BAC07E4C-2B24-4DAD-848B-5162C24C1A26}.Release|x86.Build.0 = Release|Any CPU
		{F835D045-543C-4225-A373-F9036B58DF9B}.Debug|Any CPU.ActiveCfg = Debug|Any CPU
		{F835D045-543C-4225-A373-F9036B58DF9B}.Debug|Any CPU.Build.0 = Debug|Any CPU
		{F835D045-543C-4225-A373-F9036B58DF9B}.Debug|x64.ActiveCfg = Debug|Any CPU
		{F835D045-543C-4225-A373-F9036B58DF9B}.Debug|x64.Build.0 = Debug|Any CPU
		{F835D045-543C-4225-A373-F9036B58DF9B}.Debug|x86.ActiveCfg = Debug|Any CPU
		{F835D045-543C-4225-A373-F9036B58DF9B}.Debug|x86.Build.0 = Debug|Any CPU
		{F835D045-543C-4225-A373-F9036B58DF9B}.Release|Any CPU.ActiveCfg = Release|Any CPU
		{F835D045-543C-4225-A373-F9036B58DF9B}.Release|Any CPU.Build.0 = Release|Any CPU
		{F835D045-543C-4225-A373-F9036B58DF9B}.Release|x64.ActiveCfg = Release|Any CPU
		{F835D045-543C-4225-A373-F9036B58DF9B}.Release|x64.Build.0 = Release|Any CPU
		{F835D045-543C-4225-A373-F9036B58DF9B}.Release|x86.ActiveCfg = Release|Any CPU
		{F835D045-543C-4225-A373-F9036B58DF9B}.Release|x86.Build.0 = Release|Any CPU
		{371964AC-1249-4F35-B3D5-DCEC301CDEB6}.Debug|Any CPU.ActiveCfg = Debug|Any CPU
		{371964AC-1249-4F35-B3D5-DCEC301CDEB6}.Debug|Any CPU.Build.0 = Debug|Any CPU
		{371964AC-1249-4F35-B3D5-DCEC301CDEB6}.Debug|x64.ActiveCfg = Debug|Any CPU
		{371964AC-1249-4F35-B3D5-DCEC301CDEB6}.Debug|x64.Build.0 = Debug|Any CPU
		{371964AC-1249-4F35-B3D5-DCEC301CDEB6}.Debug|x86.ActiveCfg = Debug|Any CPU
		{371964AC-1249-4F35-B3D5-DCEC301CDEB6}.Debug|x86.Build.0 = Debug|Any CPU
		{371964AC-1249-4F35-B3D5-DCEC301CDEB6}.Release|Any CPU.ActiveCfg = Release|Any CPU
		{371964AC-1249-4F35-B3D5-DCEC301CDEB6}.Release|Any CPU.Build.0 = Release|Any CPU
		{371964AC-1249-4F35-B3D5-DCEC301CDEB6}.Release|x64.ActiveCfg = Release|Any CPU
		{371964AC-1249-4F35-B3D5-DCEC301CDEB6}.Release|x64.Build.0 = Release|Any CPU
		{371964AC-1249-4F35-B3D5-DCEC301CDEB6}.Release|x86.ActiveCfg = Release|Any CPU
		{371964AC-1249-4F35-B3D5-DCEC301CDEB6}.Release|x86.Build.0 = Release|Any CPU
		{90A30EF9-C746-4F3A-A42C-AFD05BF9A2FB}.Debug|Any CPU.ActiveCfg = Debug|Any CPU
		{90A30EF9-C746-4F3A-A42C-AFD05BF9A2FB}.Debug|Any CPU.Build.0 = Debug|Any CPU
		{90A30EF9-C746-4F3A-A42C-AFD05BF9A2FB}.Debug|x64.ActiveCfg = Debug|Any CPU
		{90A30EF9-C746-4F3A-A42C-AFD05BF9A2FB}.Debug|x64.Build.0 = Debug|Any CPU
		{90A30EF9-C746-4F3A-A42C-AFD05BF9A2FB}.Debug|x86.ActiveCfg = Debug|Any CPU
		{90A30EF9-C746-4F3A-A42C-AFD05BF9A2FB}.Debug|x86.Build.0 = Debug|Any CPU
		{90A30EF9-C746-4F3A-A42C-AFD05BF9A2FB}.Release|Any CPU.ActiveCfg = Release|Any CPU
		{90A30EF9-C746-4F3A-A42C-AFD05BF9A2FB}.Release|Any CPU.Build.0 = Release|Any CPU
		{90A30EF9-C746-4F3A-A42C-AFD05BF9A2FB}.Release|x64.ActiveCfg = Release|Any CPU
		{90A30EF9-C746-4F3A-A42C-AFD05BF9A2FB}.Release|x64.Build.0 = Release|Any CPU
		{90A30EF9-C746-4F3A-A42C-AFD05BF9A2FB}.Release|x86.ActiveCfg = Release|Any CPU
		{90A30EF9-C746-4F3A-A42C-AFD05BF9A2FB}.Release|x86.Build.0 = Release|Any CPU
		{E49390EB-F668-41A0-93A3-07DFE39D8F4A}.Debug|Any CPU.ActiveCfg = Debug|Any CPU
		{E49390EB-F668-41A0-93A3-07DFE39D8F4A}.Debug|Any CPU.Build.0 = Debug|Any CPU
		{E49390EB-F668-41A0-93A3-07DFE39D8F4A}.Debug|x64.ActiveCfg = Debug|Any CPU
		{E49390EB-F668-41A0-93A3-07DFE39D8F4A}.Debug|x64.Build.0 = Debug|Any CPU
		{E49390EB-F668-41A0-93A3-07DFE39D8F4A}.Debug|x86.ActiveCfg = Debug|Any CPU
		{E49390EB-F668-41A0-93A3-07DFE39D8F4A}.Debug|x86.Build.0 = Debug|Any CPU
		{E49390EB-F668-41A0-93A3-07DFE39D8F4A}.Release|Any CPU.ActiveCfg = Release|Any CPU
		{E49390EB-F668-41A0-93A3-07DFE39D8F4A}.Release|Any CPU.Build.0 = Release|Any CPU
		{E49390EB-F668-41A0-93A3-07DFE39D8F4A}.Release|x64.ActiveCfg = Release|Any CPU
		{E49390EB-F668-41A0-93A3-07DFE39D8F4A}.Release|x64.Build.0 = Release|Any CPU
		{E49390EB-F668-41A0-93A3-07DFE39D8F4A}.Release|x86.ActiveCfg = Release|Any CPU
		{E49390EB-F668-41A0-93A3-07DFE39D8F4A}.Release|x86.Build.0 = Release|Any CPU
		{152B1608-8BCB-43F4-B5C0-493EA3C448D2}.Debug|Any CPU.ActiveCfg = Debug|Any CPU
		{152B1608-8BCB-43F4-B5C0-493EA3C448D2}.Debug|Any CPU.Build.0 = Debug|Any CPU
		{152B1608-8BCB-43F4-B5C0-493EA3C448D2}.Debug|x64.ActiveCfg = Debug|Any CPU
		{152B1608-8BCB-43F4-B5C0-493EA3C448D2}.Debug|x64.Build.0 = Debug|Any CPU
		{152B1608-8BCB-43F4-B5C0-493EA3C448D2}.Debug|x86.ActiveCfg = Debug|Any CPU
		{152B1608-8BCB-43F4-B5C0-493EA3C448D2}.Debug|x86.Build.0 = Debug|Any CPU
		{152B1608-8BCB-43F4-B5C0-493EA3C448D2}.Release|Any CPU.ActiveCfg = Release|Any CPU
		{152B1608-8BCB-43F4-B5C0-493EA3C448D2}.Release|Any CPU.Build.0 = Release|Any CPU
		{152B1608-8BCB-43F4-B5C0-493EA3C448D2}.Release|x64.ActiveCfg = Release|Any CPU
		{152B1608-8BCB-43F4-B5C0-493EA3C448D2}.Release|x64.Build.0 = Release|Any CPU
		{152B1608-8BCB-43F4-B5C0-493EA3C448D2}.Release|x86.ActiveCfg = Release|Any CPU
		{152B1608-8BCB-43F4-B5C0-493EA3C448D2}.Release|x86.Build.0 = Release|Any CPU
		{21DF401C-8FEF-48FB-AC96-3CF5CAE7963E}.Debug|Any CPU.ActiveCfg = Debug|Any CPU
		{21DF401C-8FEF-48FB-AC96-3CF5CAE7963E}.Debug|Any CPU.Build.0 = Debug|Any CPU
		{21DF401C-8FEF-48FB-AC96-3CF5CAE7963E}.Debug|x64.ActiveCfg = Debug|Any CPU
		{21DF401C-8FEF-48FB-AC96-3CF5CAE7963E}.Debug|x64.Build.0 = Debug|Any CPU
		{21DF401C-8FEF-48FB-AC96-3CF5CAE7963E}.Debug|x86.ActiveCfg = Debug|Any CPU
		{21DF401C-8FEF-48FB-AC96-3CF5CAE7963E}.Debug|x86.Build.0 = Debug|Any CPU
		{21DF401C-8FEF-48FB-AC96-3CF5CAE7963E}.Release|Any CPU.ActiveCfg = Release|Any CPU
		{21DF401C-8FEF-48FB-AC96-3CF5CAE7963E}.Release|Any CPU.Build.0 = Release|Any CPU
		{21DF401C-8FEF-48FB-AC96-3CF5CAE7963E}.Release|x64.ActiveCfg = Release|Any CPU
		{21DF401C-8FEF-48FB-AC96-3CF5CAE7963E}.Release|x64.Build.0 = Release|Any CPU
		{21DF401C-8FEF-48FB-AC96-3CF5CAE7963E}.Release|x86.ActiveCfg = Release|Any CPU
		{21DF401C-8FEF-48FB-AC96-3CF5CAE7963E}.Release|x86.Build.0 = Release|Any CPU
		{9F253430-FE38-4861-84DA-462174C784D2}.Debug|Any CPU.ActiveCfg = Debug|Any CPU
		{9F253430-FE38-4861-84DA-462174C784D2}.Debug|Any CPU.Build.0 = Debug|Any CPU
		{9F253430-FE38-4861-84DA-462174C784D2}.Debug|x64.ActiveCfg = Debug|Any CPU
		{9F253430-FE38-4861-84DA-462174C784D2}.Debug|x64.Build.0 = Debug|Any CPU
		{9F253430-FE38-4861-84DA-462174C784D2}.Debug|x86.ActiveCfg = Debug|Any CPU
		{9F253430-FE38-4861-84DA-462174C784D2}.Debug|x86.Build.0 = Debug|Any CPU
		{9F253430-FE38-4861-84DA-462174C784D2}.Release|Any CPU.ActiveCfg = Release|Any CPU
		{9F253430-FE38-4861-84DA-462174C784D2}.Release|Any CPU.Build.0 = Release|Any CPU
		{9F253430-FE38-4861-84DA-462174C784D2}.Release|x64.ActiveCfg = Release|Any CPU
		{9F253430-FE38-4861-84DA-462174C784D2}.Release|x64.Build.0 = Release|Any CPU
		{9F253430-FE38-4861-84DA-462174C784D2}.Release|x86.ActiveCfg = Release|Any CPU
		{9F253430-FE38-4861-84DA-462174C784D2}.Release|x86.Build.0 = Release|Any CPU
		{960C515E-BE20-48F7-AA22-EFB0B5874DA1}.Debug|Any CPU.ActiveCfg = Debug|Any CPU
		{960C515E-BE20-48F7-AA22-EFB0B5874DA1}.Debug|Any CPU.Build.0 = Debug|Any CPU
		{960C515E-BE20-48F7-AA22-EFB0B5874DA1}.Debug|x64.ActiveCfg = Debug|Any CPU
		{960C515E-BE20-48F7-AA22-EFB0B5874DA1}.Debug|x64.Build.0 = Debug|Any CPU
		{960C515E-BE20-48F7-AA22-EFB0B5874DA1}.Debug|x86.ActiveCfg = Debug|Any CPU
		{960C515E-BE20-48F7-AA22-EFB0B5874DA1}.Debug|x86.Build.0 = Debug|Any CPU
		{960C515E-BE20-48F7-AA22-EFB0B5874DA1}.Release|Any CPU.ActiveCfg = Release|Any CPU
		{960C515E-BE20-48F7-AA22-EFB0B5874DA1}.Release|Any CPU.Build.0 = Release|Any CPU
		{960C515E-BE20-48F7-AA22-EFB0B5874DA1}.Release|x64.ActiveCfg = Release|Any CPU
		{960C515E-BE20-48F7-AA22-EFB0B5874DA1}.Release|x64.Build.0 = Release|Any CPU
		{960C515E-BE20-48F7-AA22-EFB0B5874DA1}.Release|x86.ActiveCfg = Release|Any CPU
		{960C515E-BE20-48F7-AA22-EFB0B5874DA1}.Release|x86.Build.0 = Release|Any CPU
		{465AC8B6-3FC2-41A9-BDFB-65AC3B1496ED}.Debug|Any CPU.ActiveCfg = Debug|Any CPU
		{465AC8B6-3FC2-41A9-BDFB-65AC3B1496ED}.Debug|Any CPU.Build.0 = Debug|Any CPU
		{465AC8B6-3FC2-41A9-BDFB-65AC3B1496ED}.Debug|x64.ActiveCfg = Debug|Any CPU
		{465AC8B6-3FC2-41A9-BDFB-65AC3B1496ED}.Debug|x64.Build.0 = Debug|Any CPU
		{465AC8B6-3FC2-41A9-BDFB-65AC3B1496ED}.Debug|x86.ActiveCfg = Debug|Any CPU
		{465AC8B6-3FC2-41A9-BDFB-65AC3B1496ED}.Debug|x86.Build.0 = Debug|Any CPU
		{465AC8B6-3FC2-41A9-BDFB-65AC3B1496ED}.Release|Any CPU.ActiveCfg = Release|Any CPU
		{465AC8B6-3FC2-41A9-BDFB-65AC3B1496ED}.Release|Any CPU.Build.0 = Release|Any CPU
		{465AC8B6-3FC2-41A9-BDFB-65AC3B1496ED}.Release|x64.ActiveCfg = Release|Any CPU
		{465AC8B6-3FC2-41A9-BDFB-65AC3B1496ED}.Release|x64.Build.0 = Release|Any CPU
		{465AC8B6-3FC2-41A9-BDFB-65AC3B1496ED}.Release|x86.ActiveCfg = Release|Any CPU
		{465AC8B6-3FC2-41A9-BDFB-65AC3B1496ED}.Release|x86.Build.0 = Release|Any CPU
	EndGlobalSection
	GlobalSection(SolutionProperties) = preSolution
		HideSolutionNode = FALSE
	EndGlobalSection
	GlobalSection(NestedProjects) = preSolution
		{CD083C85-7F3D-4A59-AC60-44D93830F212} = {827E0CD3-B72D-47B6-A68D-7590B98EB39B}
		{3DFB5CCF-562C-4181-83FD-74549C1EDE26} = {827E0CD3-B72D-47B6-A68D-7590B98EB39B}
		{EC447DCF-ABFA-6E24-52A5-D7FD48A5C558} = {827E0CD3-B72D-47B6-A68D-7590B98EB39B}
		{BAC07E4C-2B24-4DAD-848B-5162C24C1A26} = {EC447DCF-ABFA-6E24-52A5-D7FD48A5C558}
		{F835D045-543C-4225-A373-F9036B58DF9B} = {EC447DCF-ABFA-6E24-52A5-D7FD48A5C558}
		{371964AC-1249-4F35-B3D5-DCEC301CDEB6} = {EC447DCF-ABFA-6E24-52A5-D7FD48A5C558}
		{90A30EF9-C746-4F3A-A42C-AFD05BF9A2FB} = {EC447DCF-ABFA-6E24-52A5-D7FD48A5C558}
		{E49390EB-F668-41A0-93A3-07DFE39D8F4A} = {EC447DCF-ABFA-6E24-52A5-D7FD48A5C558}
		{152B1608-8BCB-43F4-B5C0-493EA3C448D2} = {EC447DCF-ABFA-6E24-52A5-D7FD48A5C558}
		{21DF401C-8FEF-48FB-AC96-3CF5CAE7963E} = {EC447DCF-ABFA-6E24-52A5-D7FD48A5C558}
		{9F253430-FE38-4861-84DA-462174C784D2} = {0AB3BF05-4346-4AA6-1389-037BE0695223}
		{960C515E-BE20-48F7-AA22-EFB0B5874DA1} = {0AB3BF05-4346-4AA6-1389-037BE0695223}
		{465AC8B6-3FC2-41A9-BDFB-65AC3B1496ED} = {0AB3BF05-4346-4AA6-1389-037BE0695223}
	EndGlobalSection
EndGlobal
